# THIS IS AN AUTOGENERATED FILE. DO NOT EDIT THIS FILE DIRECTLY.
# yarn lockfile v1


esy@*:
  version "0.6.10"
  resolved "https://registry.yarnpkg.com/esy/-/esy-0.6.10.tgz#918de2ad7e40793978c63b8216563408527cc25e"
  integrity sha512-O+mWNPB9NJqDr3CA1PUbWUO1ZSy53ksZWivGrvbquATR5INlp3CYguwkq4BzZACg1s1bVYyhr7byjB/l1nuGRA==

tablecloth-bucklescript@*:
  version "0.0.7"
  resolved "https://registry.yarnpkg.com/tablecloth-bucklescript/-/tablecloth-bucklescript-0.0.7.tgz#635f66b773900cac4ee8287a8d2b21a294b7f038"
  integrity sha512-LR509lBXGDZcunx74BxdP5AgmeGpNPe4VKbH7edADjHor7hLa1MNFy5EbuL5HgrI893sGxTpBwlQq7nKJ0O9Fg==
